
Microsoft Visual Studio Solution File, Format Version 12.00
# Visual Studio Version 16
VisualStudioVersion = 16.0.30114.105
MinimumVisualStudioVersion = 10.0.40219.1
Project("{FAE04EC0-301F-11D3-BF4B-00C04F79EFBC}") = "BuberDinner.Api", "BuberDinner.Api\BuberDinner.Api.csproj", "{80EBAF6D-50C9-4A5B-8ADE-6B065BDE5749}"
EndProject
Project("{FAE04EC0-301F-11D3-BF4B-00C04F79EFBC}") = "BuberDinner.Application", "BuberDinner.Application\BuberDinner.Application.csproj", "{3AA32900-E51A-4411-A8FF-56A48E852CD9}"
EndProject
Project("{FAE04EC0-301F-11D3-BF4B-00C04F79EFBC}") = "BuberDinner.Contracts", "BuberDinner.Contracts\BuberDinner.Contracts.csproj", "{A5B9FF22-E136-4601-A5A3-43E871930785}"
EndProject
Project("{FAE04EC0-301F-11D3-BF4B-00C04F79EFBC}") = "BuberDinner.Infrastructure", "BuberDinner.Infrastructure\BuberDinner.Infrastructure.csproj", "{0625D1AF-2DED-49E4-B90D-EBE3A2E3962D}"
EndProject
Project("{FAE04EC0-301F-11D3-BF4B-00C04F79EFBC}") = "BuberDinner.Domain", "BuberDinner.Domain\BuberDinner.Domain.csproj", "{BCA1AF1E-8316-4C0E-81CE-2AD6EB2E2947}"
EndProject
Global
	GlobalSection(SolutionConfigurationPlatforms) = preSolution
		Debug|Any CPU = Debug|Any CPU
		Release|Any CPU = Release|Any CPU
	EndGlobalSection
	GlobalSection(SolutionProperties) = preSolution
		HideSolutionNode = FALSE
	EndGlobalSection
	GlobalSection(ProjectConfigurationPlatforms) = postSolution
		{80EBAF6D-50C9-4A5B-8ADE-6B065BDE5749}.Debug|Any CPU.ActiveCfg = Debug|Any CPU
		{80EBAF6D-50C9-4A5B-8ADE-6B065BDE5749}.Debug|Any CPU.Build.0 = Debug|Any CPU
		{80EBAF6D-50C9-4A5B-8ADE-6B065BDE5749}.Release|Any CPU.ActiveCfg = Release|Any CPU
		{80EBAF6D-50C9-4A5B-8ADE-6B065BDE5749}.Release|Any CPU.Build.0 = Release|Any CPU
		{3AA32900-E51A-4411-A8FF-56A48E852CD9}.Debug|Any CPU.ActiveCfg = Debug|Any CPU
		{3AA32900-E51A-4411-A8FF-56A48E852CD9}.Debug|Any CPU.Build.0 = Debug|Any CPU
		{3AA32900-E51A-4411-A8FF-56A48E852CD9}.Release|Any CPU.ActiveCfg = Release|Any CPU
		{3AA32900-E51A-4411-A8FF-56A48E852CD9}.Release|Any CPU.Build.0 = Release|Any CPU
		{A5B9FF22-E136-4601-A5A3-43E871930785}.Debug|Any CPU.ActiveCfg = Debug|Any CPU
		{A5B9FF22-E136-4601-A5A3-43E871930785}.Debug|Any CPU.Build.0 = Debug|Any CPU
		{A5B9FF22-E136-4601-A5A3-43E871930785}.Release|Any CPU.ActiveCfg = Release|Any CPU
		{A5B9FF22-E136-4601-A5A3-43E871930785}.Release|Any CPU.Build.0 = Release|Any CPU
		{0625D1AF-2DED-49E4-B90D-EBE3A2E3962D}.Debug|Any CPU.ActiveCfg = Debug|Any CPU
		{0625D1AF-2DED-49E4-B90D-EBE3A2E3962D}.Debug|Any CPU.Build.0 = Debug|Any CPU
		{0625D1AF-2DED-49E4-B90D-EBE3A2E3962D}.Release|Any CPU.ActiveCfg = Release|Any CPU
		{0625D1AF-2DED-49E4-B90D-EBE3A2E3962D}.Release|Any CPU.Build.0 = Release|Any CPU
		{BCA1AF1E-8316-4C0E-81CE-2AD6EB2E2947}.Debug|Any CPU.ActiveCfg = Debug|Any CPU
		{BCA1AF1E-8316-4C0E-81CE-2AD6EB2E2947}.Debug|Any CPU.Build.0 = Debug|Any CPU
		{BCA1AF1E-8316-4C0E-81CE-2AD6EB2E2947}.Release|Any CPU.ActiveCfg = Release|Any CPU
		{BCA1AF1E-8316-4C0E-81CE-2AD6EB2E2947}.Release|Any CPU.Build.0 = Release|Any CPU
	EndGlobalSection
EndGlobal
